
Microsoft Visual Studio Solution File, Format Version 12.00
# Visual Studio Version 17
VisualStudioVersion = 17.6.33706.43
MinimumVisualStudioVersion = 10.0.40219.1
Project("{9A19103F-16F7-4668-BE54-9A1E7A4F7556}") = "Mocha", "Mocha\Mocha.csproj", "{FE701833-14BA-44C1-B106-351066B5F79E}"
EndProject
Project("{9A19103F-16F7-4668-BE54-9A1E7A4F7556}") = "Mocha.Example", "Mocha.Example\Mocha.Example.csproj", "{6DB1CCB4-D76F-452E-A1E8-346CFD6C5857}"
EndProject
Project("{9A19103F-16F7-4668-BE54-9A1E7A4F7556}") = "Mocha.Generators", "Mocha.Generators\Mocha.Generators.csproj", "{1BF3009E-CB62-4C5B-A2CE-E31794A5B4DA}"
EndProject
Project("{2150E333-8FDC-42A3-9474-1A3956D46DE8}") = "ThirdParty", "ThirdParty", "{0B0770BB-4EC0-4A83-9C42-2D53E27D6602}"
EndProject
Project("{9A19103F-16F7-4668-BE54-9A1E7A4F7556}") = "VMASharp", "ThirdParty\VMASharp\VMASharp.csproj", "{FF3206D3-A4FF-408F-8D9C-E7EC815DA12B}"
EndProject
Project("{2150E333-8FDC-42A3-9474-1A3956D46DE8}") = "Framework", "Framework", "{34F9B441-EB78-45AB-BA0F-07AD02E03CBA}"
EndProject
Project("{9A19103F-16F7-4668-BE54-9A1E7A4F7556}") = "Mocha.Common", "Mocha.Common\Mocha.Common.csproj", "{705AE8F1-C08C-4454-8629-5D607DE2DE3B}"
EndProject
Project("{9A19103F-16F7-4668-BE54-9A1E7A4F7556}") = "Mocha.Framework.Rendering", "Mocha.Framework.Rendering\Mocha.Framework.Rendering.csproj", "{5843FDC3-DBE5-4D9E-BF9D-222A60435185}"
EndProject
Project("{9A19103F-16F7-4668-BE54-9A1E7A4F7556}") = "Mocha.ResourceCompiler", "Mocha.ResourceCompiler\Mocha.ResourceCompiler.csproj", "{2051BD3A-81EB-49CF-9867-1E55F6D2BCB4}"
EndProject
Global
	GlobalSection(SolutionConfigurationPlatforms) = preSolution
		Debug|Any CPU = Debug|Any CPU
		Debug|x64 = Debug|x64
		Release|Any CPU = Release|Any CPU
		Release|x64 = Release|x64
	EndGlobalSection
	GlobalSection(ProjectConfigurationPlatforms) = postSolution
		{FE701833-14BA-44C1-B106-351066B5F79E}.Debug|Any CPU.ActiveCfg = Debug|Any CPU
		{FE701833-14BA-44C1-B106-351066B5F79E}.Debug|Any CPU.Build.0 = Debug|Any CPU
		{FE701833-14BA-44C1-B106-351066B5F79E}.Debug|x64.ActiveCfg = Debug|Any CPU
		{FE701833-14BA-44C1-B106-351066B5F79E}.Debug|x64.Build.0 = Debug|Any CPU
		{FE701833-14BA-44C1-B106-351066B5F79E}.Release|Any CPU.ActiveCfg = Release|Any CPU
		{FE701833-14BA-44C1-B106-351066B5F79E}.Release|Any CPU.Build.0 = Release|Any CPU
		{FE701833-14BA-44C1-B106-351066B5F79E}.Release|x64.ActiveCfg = Release|Any CPU
		{FE701833-14BA-44C1-B106-351066B5F79E}.Release|x64.Build.0 = Release|Any CPU
		{6DB1CCB4-D76F-452E-A1E8-346CFD6C5857}.Debug|Any CPU.ActiveCfg = Debug|Any CPU
		{6DB1CCB4-D76F-452E-A1E8-346CFD6C5857}.Debug|Any CPU.Build.0 = Debug|Any CPU
		{6DB1CCB4-D76F-452E-A1E8-346CFD6C5857}.Debug|x64.ActiveCfg = Debug|Any CPU
		{6DB1CCB4-D76F-452E-A1E8-346CFD6C5857}.Debug|x64.Build.0 = Debug|Any CPU
		{6DB1CCB4-D76F-452E-A1E8-346CFD6C5857}.Release|Any CPU.ActiveCfg = Release|Any CPU
		{6DB1CCB4-D76F-452E-A1E8-346CFD6C5857}.Release|Any CPU.Build.0 = Release|Any CPU
		{6DB1CCB4-D76F-452E-A1E8-346CFD6C5857}.Release|x64.ActiveCfg = Release|Any CPU
		{6DB1CCB4-D76F-452E-A1E8-346CFD6C5857}.Release|x64.Build.0 = Release|Any CPU
		{1BF3009E-CB62-4C5B-A2CE-E31794A5B4DA}.Debug|Any CPU.ActiveCfg = Debug|Any CPU
		{1BF3009E-CB62-4C5B-A2CE-E31794A5B4DA}.Debug|Any CPU.Build.0 = Debug|Any CPU
		{1BF3009E-CB62-4C5B-A2CE-E31794A5B4DA}.Debug|x64.ActiveCfg = Debug|x64
		{1BF3009E-CB62-4C5B-A2CE-E31794A5B4DA}.Debug|x64.Build.0 = Debug|x64
		{1BF3009E-CB62-4C5B-A2CE-E31794A5B4DA}.Release|Any CPU.ActiveCfg = Release|Any CPU
		{1BF3009E-CB62-4C5B-A2CE-E31794A5B4DA}.Release|Any CPU.Build.0 = Release|Any CPU
		{1BF3009E-CB62-4C5B-A2CE-E31794A5B4DA}.Release|x64.ActiveCfg = Release|x64
		{1BF3009E-CB62-4C5B-A2CE-E31794A5B4DA}.Release|x64.Build.0 = Release|x64
		{FF3206D3-A4FF-408F-8D9C-E7EC815DA12B}.Debug|Any CPU.ActiveCfg = Debug|Any CPU
		{FF3206D3-A4FF-408F-8D9C-E7EC815DA12B}.Debug|Any CPU.Build.0 = Debug|Any CPU
		{FF3206D3-A4FF-408F-8D9C-E7EC815DA12B}.Debug|x64.ActiveCfg = Debug|Any CPU
		{FF3206D3-A4FF-408F-8D9C-E7EC815DA12B}.Debug|x64.Build.0 = Debug|Any CPU
		{FF3206D3-A4FF-408F-8D9C-E7EC815DA12B}.Release|Any CPU.ActiveCfg = Release|Any CPU
		{FF3206D3-A4FF-408F-8D9C-E7EC815DA12B}.Release|Any CPU.Build.0 = Release|Any CPU
		{FF3206D3-A4FF-408F-8D9C-E7EC815DA12B}.Release|x64.ActiveCfg = Release|Any CPU
		{FF3206D3-A4FF-408F-8D9C-E7EC815DA12B}.Release|x64.Build.0 = Release|Any CPU
		{705AE8F1-C08C-4454-8629-5D607DE2DE3B}.Debug|Any CPU.ActiveCfg = Debug|Any CPU
		{705AE8F1-C08C-4454-8629-5D607DE2DE3B}.Debug|Any CPU.Build.0 = Debug|Any CPU
		{705AE8F1-C08C-4454-8629-5D607DE2DE3B}.Debug|x64.ActiveCfg = Debug|x64
		{705AE8F1-C08C-4454-8629-5D607DE2DE3B}.Debug|x64.Build.0 = Debug|x64
		{705AE8F1-C08C-4454-8629-5D607DE2DE3B}.Release|Any CPU.ActiveCfg = Release|Any CPU
		{705AE8F1-C08C-4454-8629-5D607DE2DE3B}.Release|Any CPU.Build.0 = Release|Any CPU
		{705AE8F1-C08C-4454-8629-5D607DE2DE3B}.Release|x64.ActiveCfg = Release|x64
		{705AE8F1-C08C-4454-8629-5D607DE2DE3B}.Release|x64.Build.0 = Release|x64
		{5843FDC3-DBE5-4D9E-BF9D-222A60435185}.Debug|Any CPU.ActiveCfg = Debug|Any CPU
		{5843FDC3-DBE5-4D9E-BF9D-222A60435185}.Debug|Any CPU.Build.0 = Debug|Any CPU
		{5843FDC3-DBE5-4D9E-BF9D-222A60435185}.Debug|x64.ActiveCfg = Debug|Any CPU
		{5843FDC3-DBE5-4D9E-BF9D-222A60435185}.Debug|x64.Build.0 = Debug|Any CPU
		{5843FDC3-DBE5-4D9E-BF9D-222A60435185}.Release|Any CPU.ActiveCfg = Release|Any CPU
		{5843FDC3-DBE5-4D9E-BF9D-222A60435185}.Release|Any CPU.Build.0 = Release|Any CPU
		{5843FDC3-DBE5-4D9E-BF9D-222A60435185}.Release|x64.ActiveCfg = Release|Any CPU
		{5843FDC3-DBE5-4D9E-BF9D-222A60435185}.Release|x64.Build.0 = Release|Any CPU
		{2051BD3A-81EB-49CF-9867-1E55F6D2BCB4}.Debug|Any CPU.ActiveCfg = Debug|Any CPU
		{2051BD3A-81EB-49CF-9867-1E55F6D2BCB4}.Debug|Any CPU.Build.0 = Debug|Any CPU
		{2051BD3A-81EB-49CF-9867-1E55F6D2BCB4}.Debug|x64.ActiveCfg = Debug|x64
		{2051BD3A-81EB-49CF-9867-1E55F6D2BCB4}.Debug|x64.Build.0 = Debug|x64
		{2051BD3A-81EB-49CF-9867-1E55F6D2BCB4}.Release|Any CPU.ActiveCfg = Release|Any CPU
		{2051BD3A-81EB-49CF-9867-1E55F6D2BCB4}.Release|Any CPU.Build.0 = Release|Any CPU
		{2051BD3A-81EB-49CF-9867-1E55F6D2BCB4}.Release|x64.ActiveCfg = Release|x64
		{2051BD3A-81EB-49CF-9867-1E55F6D2BCB4}.Release|x64.Build.0 = Release|x64
	EndGlobalSection
	GlobalSection(SolutionProperties) = preSolution
		HideSolutionNode = FALSE
	EndGlobalSection
	GlobalSection(NestedProjects) = preSolution
		{FE701833-14BA-44C1-B106-351066B5F79E} = {34F9B441-EB78-45AB-BA0F-07AD02E03CBA}
		{6DB1CCB4-D76F-452E-A1E8-346CFD6C5857} = {34F9B441-EB78-45AB-BA0F-07AD02E03CBA}
		{1BF3009E-CB62-4C5B-A2CE-E31794A5B4DA} = {34F9B441-EB78-45AB-BA0F-07AD02E03CBA}
		{FF3206D3-A4FF-408F-8D9C-E7EC815DA12B} = {0B0770BB-4EC0-4A83-9C42-2D53E27D6602}
		{705AE8F1-C08C-4454-8629-5D607DE2DE3B} = {34F9B441-EB78-45AB-BA0F-07AD02E03CBA}
		{5843FDC3-DBE5-4D9E-BF9D-222A60435185} = {34F9B441-EB78-45AB-BA0F-07AD02E03CBA}
		{2051BD3A-81EB-49CF-9867-1E55F6D2BCB4} = {34F9B441-EB78-45AB-BA0F-07AD02E03CBA}
	EndGlobalSection
	GlobalSection(ExtensibilityGlobals) = postSolution
		SolutionGuid = {D35BA11E-9FC4-4DE6-B292-A18AE3D7B93D}
	EndGlobalSection
EndGlobal
